// !$*UTF8*$!
{
	archiveVersion = 1;
	classes = {
	};
	objectVersion = 52;
	objects = {

/* Begin PBXBuildFile section */
		86461EE426972906007C6DC0 /* SplunkRumCrashReporting.framework in Frameworks */ = {isa = PBXBuildFile; fileRef = 86461EDA26972906007C6DC0 /* SplunkRumCrashReporting.framework */; };
		86461EE926972906007C6DC0 /* CrashTests.swift in Sources */ = {isa = PBXBuildFile; fileRef = 86461EE826972906007C6DC0 /* CrashTests.swift */; };
		86461EEB26972906007C6DC0 /* SplunkRumCrashReporting.h in Headers */ = {isa = PBXBuildFile; fileRef = 86461EDD26972906007C6DC0 /* SplunkRumCrashReporting.h */; settings = {ATTRIBUTES = (Public, ); }; };
		86461EF726972964007C6DC0 /* CrashReporting.swift in Sources */ = {isa = PBXBuildFile; fileRef = 86461EF626972964007C6DC0 /* CrashReporting.swift */; };
		86461EFC269729C0007C6DC0 /* CrashReporter in Frameworks */ = {isa = PBXBuildFile; productRef = 86461EFB269729C0007C6DC0 /* CrashReporter */; };
		86461F0526972A11007C6DC0 /* sample_v1.plcrash in Resources */ = {isa = PBXBuildFile; fileRef = 86461F0426972A11007C6DC0 /* sample_v1.plcrash */; };
		86D3180A271655B300B43379 /* SplunkOtel in Frameworks */ = {isa = PBXBuildFile; productRef = 86D31809271655B300B43379 /* SplunkOtel */; };
		D774545D28E38CF40056159F /* DeviceStats.swift in Sources */ = {isa = PBXBuildFile; fileRef = D774545C28E38CF40056159F /* DeviceStats.swift */; };
		D7C64D1228E494C50086368D /* DeviceStatsTests.swift in Sources */ = {isa = PBXBuildFile; fileRef = D7C64D1128E494C50086368D /* DeviceStatsTests.swift */; };
		D7D14290293804A200CAD87E /* sample_v2.plcrash in Resources */ = {isa = PBXBuildFile; fileRef = D7D1428F293804A200CAD87E /* sample_v2.plcrash */; };
/* End PBXBuildFile section */

/* Begin PBXContainerItemProxy section */
		86461EE526972906007C6DC0 /* PBXContainerItemProxy */ = {
			isa = PBXContainerItemProxy;
			containerPortal = 86461ED126972906007C6DC0 /* Project object */;
			proxyType = 1;
			remoteGlobalIDString = 86461ED926972906007C6DC0;
			remoteInfo = SplunkRumCrashReporting;
		};
/* End PBXContainerItemProxy section */

/* Begin PBXFileReference section */
		86461EDA26972906007C6DC0 /* SplunkRumCrashReporting.framework */ = {isa = PBXFileReference; explicitFileType = wrapper.framework; includeInIndex = 0; path = SplunkRumCrashReporting.framework; sourceTree = BUILT_PRODUCTS_DIR; };
		86461EDD26972906007C6DC0 /* SplunkRumCrashReporting.h */ = {isa = PBXFileReference; lastKnownFileType = sourcecode.c.h; path = SplunkRumCrashReporting.h; sourceTree = "<group>"; };
		86461EDE26972906007C6DC0 /* Info.plist */ = {isa = PBXFileReference; lastKnownFileType = text.plist.xml; path = Info.plist; sourceTree = "<group>"; };
		86461EE326972906007C6DC0 /* SplunkRumCrashReportingTests.xctest */ = {isa = PBXFileReference; explicitFileType = wrapper.cfbundle; includeInIndex = 0; path = SplunkRumCrashReportingTests.xctest; sourceTree = BUILT_PRODUCTS_DIR; };
		86461EE826972906007C6DC0 /* CrashTests.swift */ = {isa = PBXFileReference; lastKnownFileType = sourcecode.swift; path = CrashTests.swift; sourceTree = "<group>"; };
		86461EEA26972906007C6DC0 /* Info.plist */ = {isa = PBXFileReference; lastKnownFileType = text.plist.xml; path = Info.plist; sourceTree = "<group>"; };
		86461EF626972964007C6DC0 /* CrashReporting.swift */ = {isa = PBXFileReference; fileEncoding = 4; lastKnownFileType = sourcecode.swift; path = CrashReporting.swift; sourceTree = "<group>"; };
		86461F0426972A11007C6DC0 /* sample_v1.plcrash */ = {isa = PBXFileReference; lastKnownFileType = file.plcrash; path = sample_v1.plcrash; sourceTree = "<group>"; };
		D774545C28E38CF40056159F /* DeviceStats.swift */ = {isa = PBXFileReference; lastKnownFileType = sourcecode.swift; path = DeviceStats.swift; sourceTree = "<group>"; };
		D7C64D1128E494C50086368D /* DeviceStatsTests.swift */ = {isa = PBXFileReference; lastKnownFileType = sourcecode.swift; path = DeviceStatsTests.swift; sourceTree = "<group>"; };
		D7D1428F293804A200CAD87E /* sample_v2.plcrash */ = {isa = PBXFileReference; lastKnownFileType = file; path = sample_v2.plcrash; sourceTree = "<group>"; };
/* End PBXFileReference section */

/* Begin PBXFrameworksBuildPhase section */
		86461ED726972906007C6DC0 /* Frameworks */ = {
			isa = PBXFrameworksBuildPhase;
			buildActionMask = 2147483647;
			files = (
				86461EFC269729C0007C6DC0 /* CrashReporter in Frameworks */,
				86D3180A271655B300B43379 /* SplunkOtel in Frameworks */,
			);
			runOnlyForDeploymentPostprocessing = 0;
		};
		86461EE026972906007C6DC0 /* Frameworks */ = {
			isa = PBXFrameworksBuildPhase;
			buildActionMask = 2147483647;
			files = (
				86461EE426972906007C6DC0 /* SplunkRumCrashReporting.framework in Frameworks */,
			);
			runOnlyForDeploymentPostprocessing = 0;
		};
/* End PBXFrameworksBuildPhase section */

/* Begin PBXGroup section */
		86461ED026972906007C6DC0 = {
			isa = PBXGroup;
			children = (
				86461EDC26972906007C6DC0 /* SplunkRumCrashReporting */,
				86461EE726972906007C6DC0 /* SplunkRumCrashReportingTests */,
				86461EDB26972906007C6DC0 /* Products */,
			);
			sourceTree = "<group>";
		};
		86461EDB26972906007C6DC0 /* Products */ = {
			isa = PBXGroup;
			children = (
				86461EDA26972906007C6DC0 /* SplunkRumCrashReporting.framework */,
				86461EE326972906007C6DC0 /* SplunkRumCrashReportingTests.xctest */,
			);
			name = Products;
			sourceTree = "<group>";
		};
		86461EDC26972906007C6DC0 /* SplunkRumCrashReporting */ = {
			isa = PBXGroup;
			children = (
				86461EF626972964007C6DC0 /* CrashReporting.swift */,
				D774545C28E38CF40056159F /* DeviceStats.swift */,
				86461EDD26972906007C6DC0 /* SplunkRumCrashReporting.h */,
				86461EDE26972906007C6DC0 /* Info.plist */,
			);
			path = SplunkRumCrashReporting;
			sourceTree = "<group>";
		};
		86461EE726972906007C6DC0 /* SplunkRumCrashReportingTests */ = {
			isa = PBXGroup;
			children = (
				D7D1428F293804A200CAD87E /* sample_v2.plcrash */,
				86461F0426972A11007C6DC0 /* sample_v1.plcrash */,
				86461EE826972906007C6DC0 /* CrashTests.swift */,
				D7C64D1128E494C50086368D /* DeviceStatsTests.swift */,
				86461EEA26972906007C6DC0 /* Info.plist */,
			);
			path = SplunkRumCrashReportingTests;
			sourceTree = "<group>";
		};
/* End PBXGroup section */

/* Begin PBXHeadersBuildPhase section */
		86461ED526972906007C6DC0 /* Headers */ = {
			isa = PBXHeadersBuildPhase;
			buildActionMask = 2147483647;
			files = (
				86461EEB26972906007C6DC0 /* SplunkRumCrashReporting.h in Headers */,
			);
			runOnlyForDeploymentPostprocessing = 0;
		};
/* End PBXHeadersBuildPhase section */

/* Begin PBXNativeTarget section */
		86461ED926972906007C6DC0 /* SplunkRumCrashReporting */ = {
			isa = PBXNativeTarget;
			buildConfigurationList = 86461EEE26972906007C6DC0 /* Build configuration list for PBXNativeTarget "SplunkRumCrashReporting" */;
			buildPhases = (
				86461ED526972906007C6DC0 /* Headers */,
				86461ED626972906007C6DC0 /* Sources */,
				86461ED726972906007C6DC0 /* Frameworks */,
				86461ED826972906007C6DC0 /* Resources */,
			);
			buildRules = (
			);
			dependencies = (
			);
			name = SplunkRumCrashReporting;
			packageProductDependencies = (
				86461EFB269729C0007C6DC0 /* CrashReporter */,
				86D31809271655B300B43379 /* SplunkOtel */,
			);
			productName = SplunkRumCrashReporting;
			productReference = 86461EDA26972906007C6DC0 /* SplunkRumCrashReporting.framework */;
			productType = "com.apple.product-type.framework";
		};
		86461EE226972906007C6DC0 /* SplunkRumCrashReportingTests */ = {
			isa = PBXNativeTarget;
			buildConfigurationList = 86461EF126972906007C6DC0 /* Build configuration list for PBXNativeTarget "SplunkRumCrashReportingTests" */;
			buildPhases = (
				86461EDF26972906007C6DC0 /* Sources */,
				86461EE026972906007C6DC0 /* Frameworks */,
				86461EE126972906007C6DC0 /* Resources */,
			);
			buildRules = (
			);
			dependencies = (
				86461EE626972906007C6DC0 /* PBXTargetDependency */,
			);
			name = SplunkRumCrashReportingTests;
			productName = SplunkRumCrashReportingTests;
			productReference = 86461EE326972906007C6DC0 /* SplunkRumCrashReportingTests.xctest */;
			productType = "com.apple.product-type.bundle.unit-test";
		};
/* End PBXNativeTarget section */

/* Begin PBXProject section */
		86461ED126972906007C6DC0 /* Project object */ = {
			isa = PBXProject;
			attributes = {
				LastSwiftUpdateCheck = 1240;
				LastUpgradeCheck = 1240;
				TargetAttributes = {
					86461ED926972906007C6DC0 = {
						CreatedOnToolsVersion = 12.4;
						LastSwiftMigration = 1240;
					};
					86461EE226972906007C6DC0 = {
						CreatedOnToolsVersion = 12.4;
					};
				};
			};
			buildConfigurationList = 86461ED426972906007C6DC0 /* Build configuration list for PBXProject "SplunkRumCrashReporting" */;
			compatibilityVersion = "Xcode 9.3";
			developmentRegion = en;
			hasScannedForEncodings = 0;
			knownRegions = (
				en,
				Base,
			);
			mainGroup = 86461ED026972906007C6DC0;
			packageReferences = (
				86461EFA269729C0007C6DC0 /* XCRemoteSwiftPackageReference "plcrashreporter" */,
				86D31808271655B300B43379 /* XCRemoteSwiftPackageReference "splunk-otel-ios" */,
			);
			productRefGroup = 86461EDB26972906007C6DC0 /* Products */;
			projectDirPath = "";
			projectRoot = "";
			targets = (
				86461ED926972906007C6DC0 /* SplunkRumCrashReporting */,
				86461EE226972906007C6DC0 /* SplunkRumCrashReportingTests */,
			);
		};
/* End PBXProject section */

/* Begin PBXResourcesBuildPhase section */
		86461ED826972906007C6DC0 /* Resources */ = {
			isa = PBXResourcesBuildPhase;
			buildActionMask = 2147483647;
			files = (
			);
			runOnlyForDeploymentPostprocessing = 0;
		};
		86461EE126972906007C6DC0 /* Resources */ = {
			isa = PBXResourcesBuildPhase;
			buildActionMask = 2147483647;
			files = (
				86461F0526972A11007C6DC0 /* sample_v1.plcrash in Resources */,
				D7D14290293804A200CAD87E /* sample_v2.plcrash in Resources */,
			);
			runOnlyForDeploymentPostprocessing = 0;
		};
/* End PBXResourcesBuildPhase section */

/* Begin PBXSourcesBuildPhase section */
		86461ED626972906007C6DC0 /* Sources */ = {
			isa = PBXSourcesBuildPhase;
			buildActionMask = 2147483647;
			files = (
				86461EF726972964007C6DC0 /* CrashReporting.swift in Sources */,
				D774545D28E38CF40056159F /* DeviceStats.swift in Sources */,
			);
			runOnlyForDeploymentPostprocessing = 0;
		};
		86461EDF26972906007C6DC0 /* Sources */ = {
			isa = PBXSourcesBuildPhase;
			buildActionMask = 2147483647;
			files = (
				86461EE926972906007C6DC0 /* CrashTests.swift in Sources */,
				D7C64D1228E494C50086368D /* DeviceStatsTests.swift in Sources */,
			);
			runOnlyForDeploymentPostprocessing = 0;
		};
/* End PBXSourcesBuildPhase section */

/* Begin PBXTargetDependency section */
		86461EE626972906007C6DC0 /* PBXTargetDependency */ = {
			isa = PBXTargetDependency;
			target = 86461ED926972906007C6DC0 /* SplunkRumCrashReporting */;
			targetProxy = 86461EE526972906007C6DC0 /* PBXContainerItemProxy */;
		};
/* End PBXTargetDependency section */

/* Begin XCBuildConfiguration section */
		86461EEC26972906007C6DC0 /* Debug */ = {
			isa = XCBuildConfiguration;
			buildSettings = {
				ALWAYS_SEARCH_USER_PATHS = NO;
				CLANG_ANALYZER_NONNULL = YES;
				CLANG_ANALYZER_NUMBER_OBJECT_CONVERSION = YES_AGGRESSIVE;
				CLANG_CXX_LANGUAGE_STANDARD = "gnu++14";
				CLANG_CXX_LIBRARY = "libc++";
				CLANG_ENABLE_MODULES = YES;
				CLANG_ENABLE_OBJC_ARC = YES;
				CLANG_ENABLE_OBJC_WEAK = YES;
				CLANG_WARN_BLOCK_CAPTURE_AUTORELEASING = YES;
				CLANG_WARN_BOOL_CONVERSION = YES;
				CLANG_WARN_COMMA = YES;
				CLANG_WARN_CONSTANT_CONVERSION = YES;
				CLANG_WARN_DEPRECATED_OBJC_IMPLEMENTATIONS = YES;
				CLANG_WARN_DIRECT_OBJC_ISA_USAGE = YES_ERROR;
				CLANG_WARN_DOCUMENTATION_COMMENTS = YES;
				CLANG_WARN_EMPTY_BODY = YES;
				CLANG_WARN_ENUM_CONVERSION = YES;
				CLANG_WARN_INFINITE_RECURSION = YES;
				CLANG_WARN_INT_CONVERSION = YES;
				CLANG_WARN_NON_LITERAL_NULL_CONVERSION = YES;
				CLANG_WARN_OBJC_IMPLICIT_RETAIN_SELF = YES;
				CLANG_WARN_OBJC_LITERAL_CONVERSION = YES;
				CLANG_WARN_OBJC_ROOT_CLASS = YES_ERROR;
				CLANG_WARN_QUOTED_INCLUDE_IN_FRAMEWORK_HEADER = YES;
				CLANG_WARN_RANGE_LOOP_ANALYSIS = YES;
				CLANG_WARN_STRICT_PROTOTYPES = YES;
				CLANG_WARN_SUSPICIOUS_MOVE = YES;
				CLANG_WARN_UNGUARDED_AVAILABILITY = YES_AGGRESSIVE;
				CLANG_WARN_UNREACHABLE_CODE = YES;
				CLANG_WARN__DUPLICATE_METHOD_MATCH = YES;
				COPY_PHASE_STRIP = NO;
				CURRENT_PROJECT_VERSION = 1;
				DEBUG_INFORMATION_FORMAT = dwarf;
				ENABLE_STRICT_OBJC_MSGSEND = YES;
				ENABLE_TESTABILITY = YES;
				GCC_C_LANGUAGE_STANDARD = gnu11;
				GCC_DYNAMIC_NO_PIC = NO;
				GCC_NO_COMMON_BLOCKS = YES;
				GCC_OPTIMIZATION_LEVEL = 0;
				GCC_PREPROCESSOR_DEFINITIONS = (
					"DEBUG=1",
					"$(inherited)",
				);
				GCC_WARN_64_TO_32_BIT_CONVERSION = YES;
				GCC_WARN_ABOUT_RETURN_TYPE = YES_ERROR;
				GCC_WARN_UNDECLARED_SELECTOR = YES;
				GCC_WARN_UNINITIALIZED_AUTOS = YES_AGGRESSIVE;
				GCC_WARN_UNUSED_FUNCTION = YES;
				GCC_WARN_UNUSED_VARIABLE = YES;
				IPHONEOS_DEPLOYMENT_TARGET = 11.0;
				MTL_ENABLE_DEBUG_INFO = INCLUDE_SOURCE;
				MTL_FAST_MATH = YES;
				ONLY_ACTIVE_ARCH = YES;
				SDKROOT = iphoneos;
				SWIFT_ACTIVE_COMPILATION_CONDITIONS = DEBUG;
				SWIFT_OPTIMIZATION_LEVEL = "-Onone";
				VERSIONING_SYSTEM = "apple-generic";
				VERSION_INFO_PREFIX = "";
			};
			name = Debug;
		};
		86461EED26972906007C6DC0 /* Release */ = {
			isa = XCBuildConfiguration;
			buildSettings = {
				ALWAYS_SEARCH_USER_PATHS = NO;
				CLANG_ANALYZER_NONNULL = YES;
				CLANG_ANALYZER_NUMBER_OBJECT_CONVERSION = YES_AGGRESSIVE;
				CLANG_CXX_LANGUAGE_STANDARD = "gnu++14";
				CLANG_CXX_LIBRARY = "libc++";
				CLANG_ENABLE_MODULES = YES;
				CLANG_ENABLE_OBJC_ARC = YES;
				CLANG_ENABLE_OBJC_WEAK = YES;
				CLANG_WARN_BLOCK_CAPTURE_AUTORELEASING = YES;
				CLANG_WARN_BOOL_CONVERSION = YES;
				CLANG_WARN_COMMA = YES;
				CLANG_WARN_CONSTANT_CONVERSION = YES;
				CLANG_WARN_DEPRECATED_OBJC_IMPLEMENTATIONS = YES;
				CLANG_WARN_DIRECT_OBJC_ISA_USAGE = YES_ERROR;
				CLANG_WARN_DOCUMENTATION_COMMENTS = YES;
				CLANG_WARN_EMPTY_BODY = YES;
				CLANG_WARN_ENUM_CONVERSION = YES;
				CLANG_WARN_INFINITE_RECURSION = YES;
				CLANG_WARN_INT_CONVERSION = YES;
				CLANG_WARN_NON_LITERAL_NULL_CONVERSION = YES;
				CLANG_WARN_OBJC_IMPLICIT_RETAIN_SELF = YES;
				CLANG_WARN_OBJC_LITERAL_CONVERSION = YES;
				CLANG_WARN_OBJC_ROOT_CLASS = YES_ERROR;
				CLANG_WARN_QUOTED_INCLUDE_IN_FRAMEWORK_HEADER = YES;
				CLANG_WARN_RANGE_LOOP_ANALYSIS = YES;
				CLANG_WARN_STRICT_PROTOTYPES = YES;
				CLANG_WARN_SUSPICIOUS_MOVE = YES;
				CLANG_WARN_UNGUARDED_AVAILABILITY = YES_AGGRESSIVE;
				CLANG_WARN_UNREACHABLE_CODE = YES;
				CLANG_WARN__DUPLICATE_METHOD_MATCH = YES;
				COPY_PHASE_STRIP = NO;
				CURRENT_PROJECT_VERSION = 1;
				DEBUG_INFORMATION_FORMAT = "dwarf-with-dsym";
				ENABLE_NS_ASSERTIONS = NO;
				ENABLE_STRICT_OBJC_MSGSEND = YES;
				GCC_C_LANGUAGE_STANDARD = gnu11;
				GCC_NO_COMMON_BLOCKS = YES;
				GCC_WARN_64_TO_32_BIT_CONVERSION = YES;
				GCC_WARN_ABOUT_RETURN_TYPE = YES_ERROR;
				GCC_WARN_UNDECLARED_SELECTOR = YES;
				GCC_WARN_UNINITIALIZED_AUTOS = YES_AGGRESSIVE;
				GCC_WARN_UNUSED_FUNCTION = YES;
				GCC_WARN_UNUSED_VARIABLE = YES;
				IPHONEOS_DEPLOYMENT_TARGET = 11.0;
				MTL_ENABLE_DEBUG_INFO = NO;
				MTL_FAST_MATH = YES;
				SDKROOT = iphoneos;
				SWIFT_COMPILATION_MODE = wholemodule;
				SWIFT_OPTIMIZATION_LEVEL = "-O";
				VALIDATE_PRODUCT = YES;
				VERSIONING_SYSTEM = "apple-generic";
				VERSION_INFO_PREFIX = "";
			};
			name = Release;
		};
		86461EEF26972906007C6DC0 /* Debug */ = {
			isa = XCBuildConfiguration;
			buildSettings = {
				CLANG_ENABLE_MODULES = YES;
				CODE_SIGN_IDENTITY = "Apple Development";
				"CODE_SIGN_IDENTITY[sdk=macosx*]" = "Apple Development";
				CODE_SIGN_STYLE = Automatic;
				DEFINES_MODULE = YES;
				DEVELOPMENT_TEAM = "";
				DYLIB_COMPATIBILITY_VERSION = 1;
				DYLIB_CURRENT_VERSION = 1;
				DYLIB_INSTALL_NAME_BASE = "@rpath";
				INFOPLIST_FILE = SplunkRumCrashReporting/Info.plist;
				INSTALL_PATH = "$(LOCAL_LIBRARY_DIR)/Frameworks";
				IPHONEOS_DEPLOYMENT_TARGET = 11.0;
				"IPHONEOS_DEPLOYMENT_TARGET[sdk=macosx*]" = 11.0;
				LD_RUNPATH_SEARCH_PATHS = (
					"$(inherited)",
					"@executable_path/Frameworks",
					"@loader_path/Frameworks",
				);
				MARKETING_VERSION = 0.1;
				PRODUCT_BUNDLE_IDENTIFIER = com.splunk.opentelemetry.SplunkRumCrashReporting;
				PRODUCT_NAME = "$(TARGET_NAME:c99extidentifier)";
				PROVISIONING_PROFILE_SPECIFIER = "";
				"PROVISIONING_PROFILE_SPECIFIER[sdk=macosx*]" = "";
				SKIP_INSTALL = YES;
				SWIFT_OPTIMIZATION_LEVEL = "-Onone";
				SWIFT_VERSION = 5.0;
				TARGETED_DEVICE_FAMILY = "1,2";
			};
			name = Debug;
		};
		86461EF026972906007C6DC0 /* Release */ = {
			isa = XCBuildConfiguration;
			buildSettings = {
				CLANG_ENABLE_MODULES = YES;
				CODE_SIGN_IDENTITY = "Apple Development";
				"CODE_SIGN_IDENTITY[sdk=macosx*]" = "Apple Development";
				CODE_SIGN_STYLE = Automatic;
				DEFINES_MODULE = YES;
				DEVELOPMENT_TEAM = "";
				DYLIB_COMPATIBILITY_VERSION = 1;
				DYLIB_CURRENT_VERSION = 1;
				DYLIB_INSTALL_NAME_BASE = "@rpath";
				INFOPLIST_FILE = SplunkRumCrashReporting/Info.plist;
				INSTALL_PATH = "$(LOCAL_LIBRARY_DIR)/Frameworks";
				IPHONEOS_DEPLOYMENT_TARGET = 11.0;
				"IPHONEOS_DEPLOYMENT_TARGET[sdk=macosx*]" = 11.0;
				LD_RUNPATH_SEARCH_PATHS = (
					"$(inherited)",
					"@executable_path/Frameworks",
					"@loader_path/Frameworks",
				);
				MARKETING_VERSION = 0.1;
				PRODUCT_BUNDLE_IDENTIFIER = com.splunk.opentelemetry.SplunkRumCrashReporting;
				PRODUCT_NAME = "$(TARGET_NAME:c99extidentifier)";
				PROVISIONING_PROFILE_SPECIFIER = "";
				"PROVISIONING_PROFILE_SPECIFIER[sdk=macosx*]" = "";
				SKIP_INSTALL = YES;
				SWIFT_VERSION = 5.0;
				TARGETED_DEVICE_FAMILY = "1,2";
			};
			name = Release;
		};
		86461EF226972906007C6DC0 /* Debug */ = {
			isa = XCBuildConfiguration;
			buildSettings = {
				ALWAYS_EMBED_SWIFT_STANDARD_LIBRARIES = YES;
				CODE_SIGN_IDENTITY = "Apple Development";
				"CODE_SIGN_IDENTITY[sdk=macosx*]" = "-";
				CODE_SIGN_STYLE = Automatic;
				DEVELOPMENT_TEAM = "";
				INFOPLIST_FILE = SplunkRumCrashReportingTests/Info.plist;
				LD_RUNPATH_SEARCH_PATHS = (
					"$(inherited)",
					"@executable_path/Frameworks",
					"@loader_path/Frameworks",
				);
				MACOSX_DEPLOYMENT_TARGET = 10.15;
				PRODUCT_BUNDLE_IDENTIFIER = com.splunk.opentelemetry.SplunkRumCrashReportingTests;
				PRODUCT_NAME = "$(TARGET_NAME)";
				PROVISIONING_PROFILE_SPECIFIER = "";
				"PROVISIONING_PROFILE_SPECIFIER[sdk=macosx*]" = "";
				SWIFT_VERSION = 5.0;
				TARGETED_DEVICE_FAMILY = "1,2";
			};
			name = Debug;
		};
		86461EF326972906007C6DC0 /* Release */ = {
			isa = XCBuildConfiguration;
			buildSettings = {
				ALWAYS_EMBED_SWIFT_STANDARD_LIBRARIES = YES;
				CODE_SIGN_IDENTITY = "Apple Development";
				"CODE_SIGN_IDENTITY[sdk=macosx*]" = "-";
				CODE_SIGN_STYLE = Automatic;
				DEVELOPMENT_TEAM = "";
				INFOPLIST_FILE = SplunkRumCrashReportingTests/Info.plist;
				LD_RUNPATH_SEARCH_PATHS = (
					"$(inherited)",
					"@executable_path/Frameworks",
					"@loader_path/Frameworks",
				);
				MACOSX_DEPLOYMENT_TARGET = 10.15;
				PRODUCT_BUNDLE_IDENTIFIER = com.splunk.opentelemetry.SplunkRumCrashReportingTests;
				PRODUCT_NAME = "$(TARGET_NAME)";
				PROVISIONING_PROFILE_SPECIFIER = "";
				"PROVISIONING_PROFILE_SPECIFIER[sdk=macosx*]" = "";
				SWIFT_VERSION = 5.0;
				TARGETED_DEVICE_FAMILY = "1,2";
			};
			name = Release;
		};
/* End XCBuildConfiguration section */

/* Begin XCConfigurationList section */
		86461ED426972906007C6DC0 /* Build configuration list for PBXProject "SplunkRumCrashReporting" */ = {
			isa = XCConfigurationList;
			buildConfigurations = (
				86461EEC26972906007C6DC0 /* Debug */,
				86461EED26972906007C6DC0 /* Release */,
			);
			defaultConfigurationIsVisible = 0;
			defaultConfigurationName = Release;
		};
		86461EEE26972906007C6DC0 /* Build configuration list for PBXNativeTarget "SplunkRumCrashReporting" */ = {
			isa = XCConfigurationList;
			buildConfigurations = (
				86461EEF26972906007C6DC0 /* Debug */,
				86461EF026972906007C6DC0 /* Release */,
			);
			defaultConfigurationIsVisible = 0;
			defaultConfigurationName = Release;
		};
		86461EF126972906007C6DC0 /* Build configuration list for PBXNativeTarget "SplunkRumCrashReportingTests" */ = {
			isa = XCConfigurationList;
			buildConfigurations = (
				86461EF226972906007C6DC0 /* Debug */,
				86461EF326972906007C6DC0 /* Release */,
			);
			defaultConfigurationIsVisible = 0;
			defaultConfigurationName = Release;
		};
/* End XCConfigurationList section */

/* Begin XCRemoteSwiftPackageReference section */
		86461EFA269729C0007C6DC0 /* XCRemoteSwiftPackageReference "plcrashreporter" */ = {
			isa = XCRemoteSwiftPackageReference;
			repositoryURL = "https://github.com/microsoft/plcrashreporter";
			requirement = {
				kind = exactVersion;
				version = 1.11.1;
			};
		};
		86D31808271655B300B43379 /* XCRemoteSwiftPackageReference "splunk-otel-ios" */ = {
			isa = XCRemoteSwiftPackageReference;
			repositoryURL = "https://github.com/signalfx/splunk-otel-ios";
			requirement = {
				kind = upToNextMajorVersion;
				minimumVersion = 0.4.0;
			};
		};
/* End XCRemoteSwiftPackageReference section */

/* Begin XCSwiftPackageProductDependency section */
		86461EFB269729C0007C6DC0 /* CrashReporter */ = {
			isa = XCSwiftPackageProductDependency;
			package = 86461EFA269729C0007C6DC0 /* XCRemoteSwiftPackageReference "plcrashreporter" */;
			productName = CrashReporter;
		};
		86D31809271655B300B43379 /* SplunkOtel */ = {
			isa = XCSwiftPackageProductDependency;
			package = 86D31808271655B300B43379 /* XCRemoteSwiftPackageReference "splunk-otel-ios" */;
			productName = SplunkOtel;
		};
/* End XCSwiftPackageProductDependency section */
	};
	rootObject = 86461ED126972906007C6DC0 /* Project object */;
}
